dependencies:
- name: cert-manager
  repository: https://charts.jetstack.io
  version: v1.16.2
- name: cert-manager-approver-policy
  repository: https://charts.jetstack.io
  version: v0.21.0
- name: cert-manager-csi-driver
  repository: https://charts.jetstack.io
  version: v0.10.2
digest: sha256:6344faadfe323d162483d57c121ee5719594285505deb3609a7aaf2c922f4f92
generated: "2026-07-24T12:55:58.480363+10:00"
